
Microsoft Visual Studio Solution File, Format Version 12.00
# Visual Studio 15
VisualStudioVersion = 15.0.26403.7
MinimumVisualStudioVersion = 10.0.40219.1
Project("{9A19103F-16F7-4668-BE54-9A1E7A4F7556}") = "SampleMvcApp", "SampleMvcApp\SampleMvcApp.csproj", "{554E8C1E-6BBD-4C81-81B0-9FCF863ACAD5}"
EndProject
Project("{9A19103F-16F7-4668-BE54-9A1E7A4F7556}") = "SpreadsheetIntegration", "SpreadsheetIntegration\SpreadsheetIntegration.csproj", "{8299F8DC-C5AF-4353-BB5A-BE6B8E19953F}"
EndProject
Project("{FAE04EC0-301F-11D3-BF4B-00C04F79EFBC}") = "Test", "Test\Test.csproj", "{DAE93FD2-B437-4A2E-8BF6-06FE53FD2734}"
EndProject
Project("{FAE04EC0-301F-11D3-BF4B-00C04F79EFBC}") = "Core", "Core\Core.csproj", "{6C8D2C6C-FAEB-48C2-8EB0-F93DABC55F95}"
EndProject
Global
	GlobalSection(SolutionConfigurationPlatforms) = preSolution
		Debug|Any CPU = Debug|Any CPU
		Release|Any CPU = Release|Any CPU
	EndGlobalSection
	GlobalSection(ProjectConfigurationPlatforms) = postSolution
		{554E8C1E-6BBD-4C81-81B0-9FCF863ACAD5}.Debug|Any CPU.ActiveCfg = Debug|Any CPU
		{554E8C1E-6BBD-4C81-81B0-9FCF863ACAD5}.Debug|Any CPU.Build.0 = Debug|Any CPU
		{554E8C1E-6BBD-4C81-81B0-9FCF863ACAD5}.Release|Any CPU.ActiveCfg = Release|Any CPU
		{554E8C1E-6BBD-4C81-81B0-9FCF863ACAD5}.Release|Any CPU.Build.0 = Release|Any CPU
		{8299F8DC-C5AF-4353-BB5A-BE6B8E19953F}.Debug|Any CPU.ActiveCfg = Debug|Any CPU
		{8299F8DC-C5AF-4353-BB5A-BE6B8E19953F}.Debug|Any CPU.Build.0 = Debug|Any CPU
		{8299F8DC-C5AF-4353-BB5A-BE6B8E19953F}.Release|Any CPU.ActiveCfg = Release|Any CPU
		{8299F8DC-C5AF-4353-BB5A-BE6B8E19953F}.Release|Any CPU.Build.0 = Release|Any CPU
		{DAE93FD2-B437-4A2E-8BF6-06FE53FD2734}.Debug|Any CPU.ActiveCfg = Debug|Any CPU
		{DAE93FD2-B437-4A2E-8BF6-06FE53FD2734}.Debug|Any CPU.Build.0 = Debug|Any CPU
		{DAE93FD2-B437-4A2E-8BF6-06FE53FD2734}.Release|Any CPU.ActiveCfg = Release|Any CPU
		{DAE93FD2-B437-4A2E-8BF6-06FE53FD2734}.Release|Any CPU.Build.0 = Release|Any CPU
		{6C8D2C6C-FAEB-48C2-8EB0-F93DABC55F95}.Debug|Any CPU.ActiveCfg = Debug|Any CPU
		{6C8D2C6C-FAEB-48C2-8EB0-F93DABC55F95}.Debug|Any CPU.Build.0 = Debug|Any CPU
		{6C8D2C6C-FAEB-48C2-8EB0-F93DABC55F95}.Release|Any CPU.ActiveCfg = Release|Any CPU
		{6C8D2C6C-FAEB-48C2-8EB0-F93DABC55F95}.Release|Any CPU.Build.0 = Release|Any CPU
	EndGlobalSection
	GlobalSection(SolutionProperties) = preSolution
		HideSolutionNode = FALSE
	EndGlobalSection
	GlobalSection(ExtensibilityGlobals) = postSolution
		SolutionGuid = {062A9945-6C19-4B3D-9AF6-450AFF7C025E}
	EndGlobalSection
EndGlobal
